
Microsoft Visual Studio Solution File, Format Version 12.00
# Visual Studio 15
VisualStudioVersion = 15.0.26124.0
MinimumVisualStudioVersion = 15.0.26124.0
Project("{FAE04EC0-301F-11D3-BF4B-00C04F79EFBC}") = "ToStringSourceGenerator", "ToStringSourceGenerator\ToStringSourceGenerator.csproj", "{88D000B7-182B-432A-859E-D3814ECB7535}"
EndProject
Project("{FAE04EC0-301F-11D3-BF4B-00C04F79EFBC}") = "ToStringSourceGenerator.Tests", "ToStringSourceGenerator.Tests\ToStringSourceGenerator.Tests.csproj", "{D71C5422-52FF-45C1-953F-572631CDC38D}"
EndProject
Project("{FAE04EC0-301F-11D3-BF4B-00C04F79EFBC}") = "ToStringSourceGeneratorTypes", "ToStringSourceGeneratorTypes\ToStringSourceGeneratorTypes.csproj", "{EF1691B1-FEAC-431F-A272-EA203B720528}"
EndProject
Global
	GlobalSection(SolutionConfigurationPlatforms) = preSolution
		Debug|Any CPU = Debug|Any CPU
		Debug|x64 = Debug|x64
		Debug|x86 = Debug|x86
		Release|Any CPU = Release|Any CPU
		Release|x64 = Release|x64
		Release|x86 = Release|x86
	EndGlobalSection
	GlobalSection(SolutionProperties) = preSolution
		HideSolutionNode = FALSE
	EndGlobalSection
	GlobalSection(ProjectConfigurationPlatforms) = postSolution
		{88D000B7-182B-432A-859E-D3814ECB7535}.Debug|Any CPU.ActiveCfg = Debug|Any CPU
		{88D000B7-182B-432A-859E-D3814ECB7535}.Debug|Any CPU.Build.0 = Debug|Any CPU
		{88D000B7-182B-432A-859E-D3814ECB7535}.Debug|x64.ActiveCfg = Debug|Any CPU
		{88D000B7-182B-432A-859E-D3814ECB7535}.Debug|x64.Build.0 = Debug|Any CPU
		{88D000B7-182B-432A-859E-D3814ECB7535}.Debug|x86.ActiveCfg = Debug|Any CPU
		{88D000B7-182B-432A-859E-D3814ECB7535}.Debug|x86.Build.0 = Debug|Any CPU
		{88D000B7-182B-432A-859E-D3814ECB7535}.Release|Any CPU.ActiveCfg = Release|Any CPU
		{88D000B7-182B-432A-859E-D3814ECB7535}.Release|Any CPU.Build.0 = Release|Any CPU
		{88D000B7-182B-432A-859E-D3814ECB7535}.Release|x64.ActiveCfg = Release|Any CPU
		{88D000B7-182B-432A-859E-D3814ECB7535}.Release|x64.Build.0 = Release|Any CPU
		{88D000B7-182B-432A-859E-D3814ECB7535}.Release|x86.ActiveCfg = Release|Any CPU
		{88D000B7-182B-432A-859E-D3814ECB7535}.Release|x86.Build.0 = Release|Any CPU
		{D71C5422-52FF-45C1-953F-572631CDC38D}.Debug|Any CPU.ActiveCfg = Debug|Any CPU
		{D71C5422-52FF-45C1-953F-572631CDC38D}.Debug|Any CPU.Build.0 = Debug|Any CPU
		{D71C5422-52FF-45C1-953F-572631CDC38D}.Debug|x64.ActiveCfg = Debug|Any CPU
		{D71C5422-52FF-45C1-953F-572631CDC38D}.Debug|x64.Build.0 = Debug|Any CPU
		{D71C5422-52FF-45C1-953F-572631CDC38D}.Debug|x86.ActiveCfg = Debug|Any CPU
		{D71C5422-52FF-45C1-953F-572631CDC38D}.Debug|x86.Build.0 = Debug|Any CPU
		{D71C5422-52FF-45C1-953F-572631CDC38D}.Release|Any CPU.ActiveCfg = Release|Any CPU
		{D71C5422-52FF-45C1-953F-572631CDC38D}.Release|Any CPU.Build.0 = Release|Any CPU
		{D71C5422-52FF-45C1-953F-572631CDC38D}.Release|x64.ActiveCfg = Release|Any CPU
		{D71C5422-52FF-45C1-953F-572631CDC38D}.Release|x64.Build.0 = Release|Any CPU
		{D71C5422-52FF-45C1-953F-572631CDC38D}.Release|x86.ActiveCfg = Release|Any CPU
		{D71C5422-52FF-45C1-953F-572631CDC38D}.Release|x86.Build.0 = Release|Any CPU
		{EF1691B1-FEAC-431F-A272-EA203B720528}.Debug|Any CPU.ActiveCfg = Debug|Any CPU
		{EF1691B1-FEAC-431F-A272-EA203B720528}.Debug|Any CPU.Build.0 = Debug|Any CPU
		{EF1691B1-FEAC-431F-A272-EA203B720528}.Debug|x64.ActiveCfg = Debug|Any CPU
		{EF1691B1-FEAC-431F-A272-EA203B720528}.Debug|x64.Build.0 = Debug|Any CPU
		{EF1691B1-FEAC-431F-A272-EA203B720528}.Debug|x86.ActiveCfg = Debug|Any CPU
		{EF1691B1-FEAC-431F-A272-EA203B720528}.Debug|x86.Build.0 = Debug|Any CPU
		{EF1691B1-FEAC-431F-A272-EA203B720528}.Release|Any CPU.ActiveCfg = Release|Any CPU
		{EF1691B1-FEAC-431F-A272-EA203B720528}.Release|Any CPU.Build.0 = Release|Any CPU
		{EF1691B1-FEAC-431F-A272-EA203B720528}.Release|x64.ActiveCfg = Release|Any CPU
		{EF1691B1-FEAC-431F-A272-EA203B720528}.Release|x64.Build.0 = Release|Any CPU
		{EF1691B1-FEAC-431F-A272-EA203B720528}.Release|x86.ActiveCfg = Release|Any CPU
		{EF1691B1-FEAC-431F-A272-EA203B720528}.Release|x86.Build.0 = Release|Any CPU
	EndGlobalSection
EndGlobal
